
Microsoft Visual Studio Solution File, Format Version 12.00
# Visual Studio Version 16
VisualStudioVersion = 16.0.33920.266
MinimumVisualStudioVersion = 10.0.40219.1
Project("{FAE04EC0-301F-11D3-BF4B-00C04F79EFBC}") = "Calculator", "Calculator.csproj", "{9FA5F9D3-8D26-4A9F-99E6-F2EDF21005B0}"
EndProject
Global
	GlobalSection(SolutionConfigurationPlatforms) = preSolution
		Debug|Any CPU = Debug|Any CPU
		Release|Any CPU = Release|Any CPU
	EndGlobalSection
	GlobalSection(ProjectConfigurationPlatforms) = postSolution
		{9FA5F9D3-8D26-4A9F-99E6-F2EDF21005B0}.Debug|Any CPU.ActiveCfg = Debug|Any CPU
		{9FA5F9D3-8D26-4A9F-99E6-F2EDF21005B0}.Debug|Any CPU.Build.0 = Debug|Any CPU
		{9FA5F9D3-8D26-4A9F-99E6-F2EDF21005B0}.Release|Any CPU.ActiveCfg = Release|Any CPU
		{9FA5F9D3-8D26-4A9F-99E6-F2EDF21005B0}.Release|Any CPU.Build.0 = Release|Any CPU
	EndGlobalSection
	GlobalSection(SolutionProperties) = preSolution
		HideSolutionNode = FALSE
	EndGlobalSection
	GlobalSection(ExtensibilityGlobals) = postSolution
		SolutionGuid = {22C4CAA9-F6D0-4F43-B59D-E90E1AEE1A0C}
	EndGlobalSection
EndGlobal
